
Microsoft Visual Studio Solution File, Format Version 12.00
# Visual Studio Version 16
VisualStudioVersion = 16.0.30711.63
MinimumVisualStudioVersion = 10.0.40219.1
Project("{9A19103F-16F7-4668-BE54-9A1E7A4F7556}") = "kafka2eventhub", "src\kafka2eventhub.csproj", "{FB702123-C8E6-431E-B5E7-D91ED9AF78C0}"
EndProject
Project("{2150E333-8FDC-42A3-9474-1A3956D46DE8}") = "Solution Items", "Solution Items", "{2FB815E8-9C09-4D1C-B94B-CF1414896E63}"
	ProjectSection(SolutionItems) = preProject
		.gitignore = .gitignore
		Dockerfile = Dockerfile
		LICENSE = LICENSE
		README.md = README.md
	EndProjectSection
EndProject
Global
	GlobalSection(SolutionConfigurationPlatforms) = preSolution
		Debug|Any CPU = Debug|Any CPU
		Release|Any CPU = Release|Any CPU
	EndGlobalSection
	GlobalSection(ProjectConfigurationPlatforms) = postSolution
		{FB702123-C8E6-431E-B5E7-D91ED9AF78C0}.Debug|Any CPU.ActiveCfg = Debug|Any CPU
		{FB702123-C8E6-431E-B5E7-D91ED9AF78C0}.Debug|Any CPU.Build.0 = Debug|Any CPU
		{FB702123-C8E6-431E-B5E7-D91ED9AF78C0}.Release|Any CPU.ActiveCfg = Release|Any CPU
		{FB702123-C8E6-431E-B5E7-D91ED9AF78C0}.Release|Any CPU.Build.0 = Release|Any CPU
	EndGlobalSection
	GlobalSection(SolutionProperties) = preSolution
		HideSolutionNode = FALSE
	EndGlobalSection
	GlobalSection(ExtensibilityGlobals) = postSolution
		SolutionGuid = {F869CC3D-50D1-4A10-83F4-61C5952E66EA}
	EndGlobalSection
EndGlobal
